
Microsoft Visual Studio Solution File, Format Version 12.00
# Visual Studio Version 17
VisualStudioVersion = 17.5.33530.505
MinimumVisualStudioVersion = 10.0.40219.1
Project("{9A19103F-16F7-4668-BE54-9A1E7A4F7556}") = "SoftvisionBlazorComponents.Server", "SoftvisionBlazorComponents\Server\SoftvisionBlazorComponents.Server.csproj", "{C8311EEA-D33B-49B4-BF49-98A1E16EF41C}"
EndProject
Project("{9A19103F-16F7-4668-BE54-9A1E7A4F7556}") = "SoftvisionBlazorComponents.Client", "SoftvisionBlazorComponents\Client\SoftvisionBlazorComponents.Client.csproj", "{80AC226C-DBD8-41BC-9B87-267F3E3DF5A0}"
EndProject
Project("{9A19103F-16F7-4668-BE54-9A1E7A4F7556}") = "SoftvisionBlazorComponents.Shared", "SoftvisionBlazorComponents\Shared\SoftvisionBlazorComponents.Shared.csproj", "{DBABEEAD-4BC3-4377-A6CD-85AF043B354B}"
EndProject
Project("{FAE04EC0-301F-11D3-BF4B-00C04F79EFBC}") = "CSVBlazor", "CSVBlazor\CSVBlazor.csproj", "{D64C72BC-D56D-475E-B6E6-5162D3FCB63D}"
EndProject
Global
	GlobalSection(SolutionConfigurationPlatforms) = preSolution
		Debug|Any CPU = Debug|Any CPU
		Release|Any CPU = Release|Any CPU
	EndGlobalSection
	GlobalSection(ProjectConfigurationPlatforms) = postSolution
		{C8311EEA-D33B-49B4-BF49-98A1E16EF41C}.Debug|Any CPU.ActiveCfg = Debug|Any CPU
		{C8311EEA-D33B-49B4-BF49-98A1E16EF41C}.Debug|Any CPU.Build.0 = Debug|Any CPU
		{C8311EEA-D33B-49B4-BF49-98A1E16EF41C}.Release|Any CPU.ActiveCfg = Release|Any CPU
		{C8311EEA-D33B-49B4-BF49-98A1E16EF41C}.Release|Any CPU.Build.0 = Release|Any CPU
		{80AC226C-DBD8-41BC-9B87-267F3E3DF5A0}.Debug|Any CPU.ActiveCfg = Debug|Any CPU
		{80AC226C-DBD8-41BC-9B87-267F3E3DF5A0}.Debug|Any CPU.Build.0 = Debug|Any CPU
		{80AC226C-DBD8-41BC-9B87-267F3E3DF5A0}.Release|Any CPU.ActiveCfg = Release|Any CPU
		{80AC226C-DBD8-41BC-9B87-267F3E3DF5A0}.Release|Any CPU.Build.0 = Release|Any CPU
		{DBABEEAD-4BC3-4377-A6CD-85AF043B354B}.Debug|Any CPU.ActiveCfg = Debug|Any CPU
		{DBABEEAD-4BC3-4377-A6CD-85AF043B354B}.Debug|Any CPU.Build.0 = Debug|Any CPU
		{DBABEEAD-4BC3-4377-A6CD-85AF043B354B}.Release|Any CPU.ActiveCfg = Release|Any CPU
		{DBABEEAD-4BC3-4377-A6CD-85AF043B354B}.Release|Any CPU.Build.0 = Release|Any CPU
		{D64C72BC-D56D-475E-B6E6-5162D3FCB63D}.Debug|Any CPU.ActiveCfg = Debug|Any CPU
		{D64C72BC-D56D-475E-B6E6-5162D3FCB63D}.Debug|Any CPU.Build.0 = Debug|Any CPU
		{D64C72BC-D56D-475E-B6E6-5162D3FCB63D}.Release|Any CPU.ActiveCfg = Release|Any CPU
		{D64C72BC-D56D-475E-B6E6-5162D3FCB63D}.Release|Any CPU.Build.0 = Release|Any CPU
	EndGlobalSection
	GlobalSection(SolutionProperties) = preSolution
		HideSolutionNode = FALSE
	EndGlobalSection
	GlobalSection(ExtensibilityGlobals) = postSolution
		SolutionGuid = {1E3C8428-E5EA-4E7F-A0E3-09BF913C89BF}
	EndGlobalSection
EndGlobal
